// !$*UTF8*$!
{
	archiveVersion = 1;
	classes = {
	};
	objectVersion = 46;
	objects = {

/* Begin PBXBuildFile section */
		733540DD1BE9ACE100BEDD51 /* AppDelegate.swift in Sources */ = {isa = PBXBuildFile; fileRef = 733540DC1BE9ACE100BEDD51 /* AppDelegate.swift */; };
		733540DF1BE9ACE100BEDD51 /* ViewController.swift in Sources */ = {isa = PBXBuildFile; fileRef = 733540DE1BE9ACE100BEDD51 /* ViewController.swift */; };
		733540E21BE9ACE100BEDD51 /* Main.storyboard in Resources */ = {isa = PBXBuildFile; fileRef = 733540E01BE9ACE100BEDD51 /* Main.storyboard */; };
		733540E41BE9ACE100BEDD51 /* Assets.xcassets in Resources */ = {isa = PBXBuildFile; fileRef = 733540E31BE9ACE100BEDD51 /* Assets.xcassets */; };
		733540E71BE9ACE100BEDD51 /* LaunchScreen.storyboard in Resources */ = {isa = PBXBuildFile; fileRef = 733540E51BE9ACE100BEDD51 /* LaunchScreen.storyboard */; };
		733540F21BE9ACE100BEDD51 /* iQuizTests.swift in Sources */ = {isa = PBXBuildFile; fileRef = 733540F11BE9ACE100BEDD51 /* iQuizTests.swift */; };
		733540FD1BE9ACE100BEDD51 /* iQuizUITests.swift in Sources */ = {isa = PBXBuildFile; fileRef = 733540FC1BE9ACE100BEDD51 /* iQuizUITests.swift */; };
		733541121BE9C11800BEDD51 /* TableViewCell.swift in Sources */ = {isa = PBXBuildFile; fileRef = 733541111BE9C11800BEDD51 /* TableViewCell.swift */; };
/* End PBXBuildFile section */

/* Begin PBXContainerItemProxy section */
		733540EE1BE9ACE100BEDD51 /* PBXContainerItemProxy */ = {
			isa = PBXContainerItemProxy;
			containerPortal = 733540D11BE9ACE100BEDD51 /* Project object */;
			proxyType = 1;
			remoteGlobalIDString = 733540D81BE9ACE100BEDD51;
			remoteInfo = iQuiz;
		};
		733540F91BE9ACE100BEDD51 /* PBXContainerItemProxy */ = {
			isa = PBXContainerItemProxy;
			containerPortal = 733540D11BE9ACE100BEDD51 /* Project object */;
			proxyType = 1;
			remoteGlobalIDString = 733540D81BE9ACE100BEDD51;
			remoteInfo = iQuiz;
		};
/* End PBXContainerItemProxy section */

/* Begin PBXFileReference section */
		733540D91BE9ACE100BEDD51 /* iQuiz.app */ = {isa = PBXFileReference; explicitFileType = wrapper.application; includeInIndex = 0; path = iQuiz.app; sourceTree = BUILT_PRODUCTS_DIR; };
		733540DC1BE9ACE100BEDD51 /* AppDelegate.swift */ = {isa = PBXFileReference; lastKnownFileType = sourcecode.swift; path = AppDelegate.swift; sourceTree = "<group>"; };
		733540DE1BE9ACE100BEDD51 /* ViewController.swift */ = {isa = PBXFileReference; lastKnownFileType = sourcecode.swift; path = ViewController.swift; sourceTree = "<group>"; };
		733540E11BE9ACE100BEDD51 /* Base */ = {isa = PBXFileReference; lastKnownFileType = file.storyboard; name = Base; path = Base.lproj/Main.storyboard; sourceTree = "<group>"; };
		733540E31BE9ACE100BEDD51 /* Assets.xcassets */ = {isa = PBXFileReference; lastKnownFileType = folder.assetcatalog; path = Assets.xcassets; sourceTree = "<group>"; };
		733540E61BE9ACE100BEDD51 /* Base */ = {isa = PBXFileReference; lastKnownFileType = file.storyboard; name = Base; path = Base.lproj/LaunchScreen.storyboard; sourceTree = "<group>"; };
		733540E81BE9ACE100BEDD51 /* Info.plist */ = {isa = PBXFileReference; lastKnownFileType = text.plist.xml; path = Info.plist; sourceTree = "<group>"; };
		733540ED1BE9ACE100BEDD51 /* iQuizTests.xctest */ = {isa = PBXFileReference; explicitFileType = wrapper.cfbundle; includeInIndex = 0; path = iQuizTests.xctest; sourceTree = BUILT_PRODUCTS_DIR; };
		733540F11BE9ACE100BEDD51 /* iQuizTests.swift */ = {isa = PBXFileReference; lastKnownFileType = sourcecode.swift; path = iQuizTests.swift; sourceTree = "<group>"; };
		733540F31BE9ACE100BEDD51 /* Info.plist */ = {isa = PBXFileReference; lastKnownFileType = text.plist.xml; path = Info.plist; sourceTree = "<group>"; };
		733540F81BE9ACE100BEDD51 /* iQuizUITests.xctest */ = {isa = PBXFileReference; explicitFileType = wrapper.cfbundle; includeInIndex = 0; path = iQuizUITests.xctest; sourceTree = BUILT_PRODUCTS_DIR; };
		733540FC1BE9ACE100BEDD51 /* iQuizUITests.swift */ = {isa = PBXFileReference; lastKnownFileType = sourcecode.swift; path = iQuizUITests.swift; sourceTree = "<group>"; };
		733540FE1BE9ACE100BEDD51 /* Info.plist */ = {isa = PBXFileReference; lastKnownFileType = text.plist.xml; path = Info.plist; sourceTree = "<group>"; };
		733541111BE9C11800BEDD51 /* TableViewCell.swift */ = {isa = PBXFileReference; fileEncoding = 4; lastKnownFileType = sourcecode.swift; path = TableViewCell.swift; sourceTree = "<group>"; };
/* End PBXFileReference section */

/* Begin PBXFrameworksBuildPhase section */
		733540D61BE9ACE100BEDD51 /* Frameworks */ = {
			isa = PBXFrameworksBuildPhase;
			buildActionMask = 2147483647;
			files = (
			);
			runOnlyForDeploymentPostprocessing = 0;
		};
		733540EA1BE9ACE100BEDD51 /* Frameworks */ = {
			isa = PBXFrameworksBuildPhase;
			buildActionMask = 2147483647;
			files = (
			);
			runOnlyForDeploymentPostprocessing = 0;
		};
		733540F51BE9ACE100BEDD51 /* Frameworks */ = {
			isa = PBXFrameworksBuildPhase;
			buildActionMask = 2147483647;
			files = (
			);
			runOnlyForDeploymentPostprocessing = 0;
		};
/* End PBXFrameworksBuildPhase section */

/* Begin PBXGroup section */
		733540D01BE9ACE100BEDD51 = {
			isa = PBXGroup;
			children = (
				733540DB1BE9ACE100BEDD51 /* iQuiz */,
				733540F01BE9ACE100BEDD51 /* iQuizTests */,
				733540FB1BE9ACE100BEDD51 /* iQuizUITests */,
				733540DA1BE9ACE100BEDD51 /* Products */,
			);
			sourceTree = "<group>";
		};
		733540DA1BE9ACE100BEDD51 /* Products */ = {
			isa = PBXGroup;
			children = (
				733540D91BE9ACE100BEDD51 /* iQuiz.app */,
				733540ED1BE9ACE100BEDD51 /* iQuizTests.xctest */,
				733540F81BE9ACE100BEDD51 /* iQuizUITests.xctest */,
			);
			name = Products;
			sourceTree = "<group>";
		};
		733540DB1BE9ACE100BEDD51 /* iQuiz */ = {
			isa = PBXGroup;
			children = (
				733540DC1BE9ACE100BEDD51 /* AppDelegate.swift */,
				733540DE1BE9ACE100BEDD51 /* ViewController.swift */,
				733540E01BE9ACE100BEDD51 /* Main.storyboard */,
				733541111BE9C11800BEDD51 /* TableViewCell.swift */,
				733540E31BE9ACE100BEDD51 /* Assets.xcassets */,
				733540E51BE9ACE100BEDD51 /* LaunchScreen.storyboard */,
				733540E81BE9ACE100BEDD51 /* Info.plist */,
			);
			path = iQuiz;
			sourceTree = "<group>";
		};
		733540F01BE9ACE100BEDD51 /* iQuizTests */ = {
			isa = PBXGroup;
			children = (
				733540F11BE9ACE100BEDD51 /* iQuizTests.swift */,
				733540F31BE9ACE100BEDD51 /* Info.plist */,
			);
			path = iQuizTests;
			sourceTree = "<group>";
		};
		733540FB1BE9ACE100BEDD51 /* iQuizUITests */ = {
			isa = PBXGroup;
			children = (
				733540FC1BE9ACE100BEDD51 /* iQuizUITests.swift */,
				733540FE1BE9ACE100BEDD51 /* Info.plist */,
			);
			path = iQuizUITests;
			sourceTree = "<group>";
		};
/* End PBXGroup section */

/* Begin PBXNativeTarget section */
		733540D81BE9ACE100BEDD51 /* iQuiz */ = {
			isa = PBXNativeTarget;
			buildConfigurationList = 733541011BE9ACE100BEDD51 /* Build configuration list for PBXNativeTarget "iQuiz" */;
			buildPhases = (
				733540D51BE9ACE100BEDD51 /* Sources */,
				733540D61BE9ACE100BEDD51 /* Frameworks */,
				733540D71BE9ACE100BEDD51 /* Resources */,
			);
			buildRules = (
			);
			dependencies = (
			);
			name = iQuiz;
			productName = iQuiz;
			productReference = 733540D91BE9ACE100BEDD51 /* iQuiz.app */;
			productType = "com.apple.product-type.application";
		};
		733540EC1BE9ACE100BEDD51 /* iQuizTests */ = {
			isa = PBXNativeTarget;
			buildConfigurationList = 733541041BE9ACE100BEDD51 /* Build configuration list for PBXNativeTarget "iQuizTests" */;
			buildPhases = (
				733540E91BE9ACE100BEDD51 /* Sources */,
				733540EA1BE9ACE100BEDD51 /* Frameworks */,
				733540EB1BE9ACE100BEDD51 /* Resources */,
			);
			buildRules = (
			);
			dependencies = (
				733540EF1BE9ACE100BEDD51 /* PBXTargetDependency */,
			);
			name = iQuizTests;
			productName = iQuizTests;
			productReference = 733540ED1BE9ACE100BEDD51 /* iQuizTests.xctest */;
			productType = "com.apple.product-type.bundle.unit-test";
		};
		733540F71BE9ACE100BEDD51 /* iQuizUITests */ = {
			isa = PBXNativeTarget;
			buildConfigurationList = 733541071BE9ACE100BEDD51 /* Build configuration list for PBXNativeTarget "iQuizUITests" */;
			buildPhases = (
				733540F41BE9ACE100BEDD51 /* Sources */,
				733540F51BE9ACE100BEDD51 /* Frameworks */,
				733540F61BE9ACE100BEDD51 /* Resources */,
			);
			buildRules = (
			);
			dependencies = (
				733540FA1BE9ACE100BEDD51 /* PBXTargetDependency */,
			);
			name = iQuizUITests;
			productName = iQuizUITests;
			productReference = 733540F81BE9ACE100BEDD51 /* iQuizUITests.xctest */;
			productType = "com.apple.product-type.bundle.ui-testing";
		};
/* End PBXNativeTarget section */

/* Begin PBXProject section */
		733540D11BE9ACE100BEDD51 /* Project object */ = {
			isa = PBXProject;
			attributes = {
				LastSwiftUpdateCheck = 0710;
				LastUpgradeCheck = 0710;
				ORGANIZATIONNAME = "Woosuk Seo";
				TargetAttributes = {
					733540D81BE9ACE100BEDD51 = {
						CreatedOnToolsVersion = 7.1;
					};
					733540EC1BE9ACE100BEDD51 = {
						CreatedOnToolsVersion = 7.1;
						TestTargetID = 733540D81BE9ACE100BEDD51;
					};
					733540F71BE9ACE100BEDD51 = {
						CreatedOnToolsVersion = 7.1;
						TestTargetID = 733540D81BE9ACE100BEDD51;
					};
				};
			};
			buildConfigurationList = 733540D41BE9ACE100BEDD51 /* Build configuration list for PBXProject "iQuiz" */;
			compatibilityVersion = "Xcode 3.2";
			developmentRegion = English;
			hasScannedForEncodings = 0;
			knownRegions = (
				en,
				Base,
			);
			mainGroup = 733540D01BE9ACE100BEDD51;
			productRefGroup = 733540DA1BE9ACE100BEDD51 /* Products */;
			projectDirPath = "";
			projectRoot = "";
			targets = (
				733540D81BE9ACE100BEDD51 /* iQuiz */,
				733540EC1BE9ACE100BEDD51 /* iQuizTests */,
				733540F71BE9ACE100BEDD51 /* iQuizUITests */,
			);
		};
/* End PBXProject section */

/* Begin PBXResourcesBuildPhase section */
		733540D71BE9ACE100BEDD51 /* Resources */ = {
			isa = PBXResourcesBuildPhase;
			buildActionMask = 2147483647;
			files = (
				733540E71BE9ACE100BEDD51 /* LaunchScreen.storyboard in Resources */,
				733540E41BE9ACE100BEDD51 /* Assets.xcassets in Resources */,
				733540E21BE9ACE100BEDD51 /* Main.storyboard in Resources */,
			);
			runOnlyForDeploymentPostprocessing = 0;
		};
		733540EB1BE9ACE100BEDD51 /* Resources */ = {
			isa = PBXResourcesBuildPhase;
			buildActionMask = 2147483647;
			files = (
			);
			runOnlyForDeploymentPostprocessing = 0;
		};
		733540F61BE9ACE100BEDD51 /* Resources */ = {
			isa = PBXResourcesBuildPhase;
			buildActionMask = 2147483647;
			files = (
			);
			runOnlyForDeploymentPostprocessing = 0;
		};
/* End PBXResourcesBuildPhase section */

/* Begin PBXSourcesBuildPhase section */
		733540D51BE9ACE100BEDD51 /* Sources */ = {
			isa = PBXSourcesBuildPhase;
			buildActionMask = 2147483647;
			files = (
				733541121BE9C11800BEDD51 /* TableViewCell.swift in Sources */,
				733540DF1BE9ACE100BEDD51 /* ViewController.swift in Sources */,
				733540DD1BE9ACE100BEDD51 /* AppDelegate.swift in Sources */,
			);
			runOnlyForDeploymentPostprocessing = 0;
		};
		733540E91BE9ACE100BEDD51 /* Sources */ = {
			isa = PBXSourcesBuildPhase;
			buildActionMask = 2147483647;
			files = (
				733540F21BE9ACE100BEDD51 /* iQuizTests.swift in Sources */,
			);
			runOnlyForDeploymentPostprocessing = 0;
		};
		733540F41BE9ACE100BEDD51 /* Sources */ = {
			isa = PBXSourcesBuildPhase;
			buildActionMask = 2147483647;
			files = (
				733540FD1BE9ACE100BEDD51 /* iQuizUITests.swift in Sources */,
			);
			runOnlyForDeploymentPostprocessing = 0;
		};
/* End PBXSourcesBuildPhase section */

/* Begin PBXTargetDependency section */
		733540EF1BE9ACE100BEDD51 /* PBXTargetDependency */ = {
			isa = PBXTargetDependency;
			target = 733540D81BE9ACE100BEDD51 /* iQuiz */;
			targetProxy = 733540EE1BE9ACE100BEDD51 /* PBXContainerItemProxy */;
		};
		733540FA1BE9ACE100BEDD51 /* PBXTargetDependency */ = {
			isa = PBXTargetDependency;
			target = 733540D81BE9ACE100BEDD51 /* iQuiz */;
			targetProxy = 733540F91BE9ACE100BEDD51 /* PBXContainerItemProxy */;
		};
/* End PBXTargetDependency section */

/* Begin PBXVariantGroup section */
		733540E01BE9ACE100BEDD51 /* Main.storyboard */ = {
			isa = PBXVariantGroup;
			children = (
				733540E11BE9ACE100BEDD51 /* Base */,
			);
			name = Main.storyboard;
			sourceTree = "<group>";
		};
		733540E51BE9ACE100BEDD51 /* LaunchScreen.storyboard */ = {
			isa = PBXVariantGroup;
			children = (
				733540E61BE9ACE100BEDD51 /* Base */,
			);
			name = LaunchScreen.storyboard;
			sourceTree = "<group>";
		};
/* End PBXVariantGroup section */

/* Begin XCBuildConfiguration section */
		733540FF1BE9ACE100BEDD51 /* Debug */ = {
			isa = XCBuildConfiguration;
			buildSettings = {
				ALWAYS_SEARCH_USER_PATHS = NO;
				CLANG_CXX_LANGUAGE_STANDARD = "gnu++0x";
				CLANG_CXX_LIBRARY = "libc++";
				CLANG_ENABLE_MODULES = YES;
				CLANG_ENABLE_OBJC_ARC = YES;
				CLANG_WARN_BOOL_CONVERSION = YES;
				CLANG_WARN_CONSTANT_CONVERSION = YES;
				CLANG_WARN_DIRECT_OBJC_ISA_USAGE = YES_ERROR;
				CLANG_WARN_EMPTY_BODY = YES;
				CLANG_WARN_ENUM_CONVERSION = YES;
				CLANG_WARN_INT_CONVERSION = YES;
				CLANG_WARN_OBJC_ROOT_CLASS = YES_ERROR;
				CLANG_WARN_UNREACHABLE_CODE = YES;
				CLANG_WARN__DUPLICATE_METHOD_MATCH = YES;
				"CODE_SIGN_IDENTITY[sdk=iphoneos*]" = "iPhone Developer";
				COPY_PHASE_STRIP = NO;
				DEBUG_INFORMATION_FORMAT = dwarf;
				ENABLE_STRICT_OBJC_MSGSEND = YES;
				ENABLE_TESTABILITY = YES;
				GCC_C_LANGUAGE_STANDARD = gnu99;
				GCC_DYNAMIC_NO_PIC = NO;
				GCC_NO_COMMON_BLOCKS = YES;
				GCC_OPTIMIZATION_LEVEL = 0;
				GCC_PREPROCESSOR_DEFINITIONS = (
					"DEBUG=1",
					"$(inherited)",
				);
				GCC_WARN_64_TO_32_BIT_CONVERSION = YES;
				GCC_WARN_ABOUT_RETURN_TYPE = YES_ERROR;
				GCC_WARN_UNDECLARED_SELECTOR = YES;
				GCC_WARN_UNINITIALIZED_AUTOS = YES_AGGRESSIVE;
				GCC_WARN_UNUSED_FUNCTION = YES;
				GCC_WARN_UNUSED_VARIABLE = YES;
				IPHONEOS_DEPLOYMENT_TARGET = 9.1;
				MTL_ENABLE_DEBUG_INFO = YES;
				ONLY_ACTIVE_ARCH = YES;
				SDKROOT = iphoneos;
				SWIFT_OPTIMIZATION_LEVEL = "-Onone";
			};
			name = Debug;
		};
		733541001BE9ACE100BEDD51 /* Release */ = {
			isa = XCBuildConfiguration;
			buildSettings = {
				ALWAYS_SEARCH_USER_PATHS = NO;
				CLANG_CXX_LANGUAGE_STANDARD = "gnu++0x";
				CLANG_CXX_LIBRARY = "libc++";
				CLANG_ENABLE_MODULES = YES;
				CLANG_ENABLE_OBJC_ARC = YES;
				CLANG_WARN_BOOL_CONVERSION = YES;
				CLANG_WARN_CONSTANT_CONVERSION = YES;
				CLANG_WARN_DIRECT_OBJC_ISA_USAGE = YES_ERROR;
				CLANG_WARN_EMPTY_BODY = YES;
				CLANG_WARN_ENUM_CONVERSION = YES;
				CLANG_WARN_INT_CONVERSION = YES;
				CLANG_WARN_OBJC_ROOT_CLASS = YES_ERROR;
				CLANG_WARN_UNREACHABLE_CODE = YES;
				CLANG_WARN__DUPLICATE_METHOD_MATCH = YES;
				"CODE_SIGN_IDENTITY[sdk=iphoneos*]" = "iPhone Developer";
				COPY_PHASE_STRIP = NO;
				DEBUG_INFORMATION_FORMAT = "dwarf-with-dsym";
				ENABLE_NS_ASSERTIONS = NO;
				ENABLE_STRICT_OBJC_MSGSEND = YES;
				GCC_C_LANGUAGE_STANDARD = gnu99;
				GCC_NO_COMMON_BLOCKS = YES;
				GCC_WARN_64_TO_32_BIT_CONVERSION = YES;
				GCC_WARN_ABOUT_RETURN_TYPE = YES_ERROR;
				GCC_WARN_UNDECLARED_SELECTOR = YES;
				GCC_WARN_UNINITIALIZED_AUTOS = YES_AGGRESSIVE;
				GCC_WARN_UNUSED_FUNCTION = YES;
				GCC_WARN_UNUSED_VARIABLE = YES;
				IPHONEOS_DEPLOYMENT_TARGET = 9.1;
				MTL_ENABLE_DEBUG_INFO = NO;
				SDKROOT = iphoneos;
				VALIDATE_PRODUCT = YES;
			};
			name = Release;
		};
		733541021BE9ACE100BEDD51 /* Debug */ = {
			isa = XCBuildConfiguration;
			buildSettings = {
				ASSETCATALOG_COMPILER_APPICON_NAME = AppIcon;
				INFOPLIST_FILE = iQuiz/Info.plist;
				LD_RUNPATH_SEARCH_PATHS = "$(inherited) @executable_path/Frameworks";
				PRODUCT_BUNDLE_IDENTIFIER = edu.uw.seow.iQuiz;
				PRODUCT_NAME = "$(TARGET_NAME)";
			};
			name = Debug;
		};
		733541031BE9ACE100BEDD51 /* Release */ = {
			isa = XCBuildConfiguration;
			buildSettings = {
				ASSETCATALOG_COMPILER_APPICON_NAME = AppIcon;
				INFOPLIST_FILE = iQuiz/Info.plist;
				LD_RUNPATH_SEARCH_PATHS = "$(inherited) @executable_path/Frameworks";
				PRODUCT_BUNDLE_IDENTIFIER = edu.uw.seow.iQuiz;
				PRODUCT_NAME = "$(TARGET_NAME)";
			};
			name = Release;
		};
		733541051BE9ACE100BEDD51 /* Debug */ = {
			isa = XCBuildConfiguration;
			buildSettings = {
				BUNDLE_LOADER = "$(TEST_HOST)";
				INFOPLIST_FILE = iQuizTests/Info.plist;
				LD_RUNPATH_SEARCH_PATHS = "$(inherited) @executable_path/Frameworks @loader_path/Frameworks";
				PRODUCT_BUNDLE_IDENTIFIER = edu.uw.seow.iQuizTests;
				PRODUCT_NAME = "$(TARGET_NAME)";
				TEST_HOST = "$(BUILT_PRODUCTS_DIR)/iQuiz.app/iQuiz";
			};
			name = Debug;
		};
		733541061BE9ACE100BEDD51 /* Release */ = {
			isa = XCBuildConfiguration;
			buildSettings = {
				BUNDLE_LOADER = "$(TEST_HOST)";
				INFOPLIST_FILE = iQuizTests/Info.plist;
				LD_RUNPATH_SEARCH_PATHS = "$(inherited) @executable_path/Frameworks @loader_path/Frameworks";
				PRODUCT_BUNDLE_IDENTIFIER = edu.uw.seow.iQuizTests;
				PRODUCT_NAME = "$(TARGET_NAME)";
				TEST_HOST = "$(BUILT_PRODUCTS_DIR)/iQuiz.app/iQuiz";
			};
			name = Release;
		};
		733541081BE9ACE100BEDD51 /* Debug */ = {
			isa = XCBuildConfiguration;
			buildSettings = {
				INFOPLIST_FILE = iQuizUITests/Info.plist;
				LD_RUNPATH_SEARCH_PATHS = "$(inherited) @executable_path/Frameworks @loader_path/Frameworks";
				PRODUCT_BUNDLE_IDENTIFIER = edu.uw.seow.iQuizUITests;
				PRODUCT_NAME = "$(TARGET_NAME)";
				TEST_TARGET_NAME = iQuiz;
				USES_XCTRUNNER = YES;
			};
			name = Debug;
		};
		733541091BE9ACE100BEDD51 /* Release */ = {
			isa = XCBuildConfiguration;
			buildSettings = {
				INFOPLIST_FILE = iQuizUITests/Info.plist;
				LD_RUNPATH_SEARCH_PATHS = "$(inherited) @executable_path/Frameworks @loader_path/Frameworks";
				PRODUCT_BUNDLE_IDENTIFIER = edu.uw.seow.iQuizUITests;
				PRODUCT_NAME = "$(TARGET_NAME)";
				TEST_TARGET_NAME = iQuiz;
				USES_XCTRUNNER = YES;
			};
			name = Release;
		};
/* End XCBuildConfiguration section */

/* Begin XCConfigurationList section */
		733540D41BE9ACE100BEDD51 /* Build configuration list for PBXProject "iQuiz" */ = {
			isa = XCConfigurationList;
			buildConfigurations = (
				733540FF1BE9ACE100BEDD51 /* Debug */,
				733541001BE9ACE100BEDD51 /* Release */,
			);
			defaultConfigurationIsVisible = 0;
			defaultConfigurationName = Release;
		};
		733541011BE9ACE100BEDD51 /* Build configuration list for PBXNativeTarget "iQuiz" */ = {
			isa = XCConfigurationList;
			buildConfigurations = (
				733541021BE9ACE100BEDD51 /* Debug */,
				733541031BE9ACE100BEDD51 /* Release */,
			);
			defaultConfigurationIsVisible = 0;
		};
		733541041BE9ACE100BEDD51 /* Build configuration list for PBXNativeTarget "iQuizTests" */ = {
			isa = XCConfigurationList;
			buildConfigurations = (
				733541051BE9ACE100BEDD51 /* Debug */,
				733541061BE9ACE100BEDD51 /* Release */,
			);
			defaultConfigurationIsVisible = 0;
		};
		733541071BE9ACE100BEDD51 /* Build configuration list for PBXNativeTarget "iQuizUITests" */ = {
			isa = XCConfigurationList;
			buildConfigurations = (
				733541081BE9ACE100BEDD51 /* Debug */,
				733541091BE9ACE100BEDD51 /* Release */,
			);
			defaultConfigurationIsVisible = 0;
		};
/* End XCConfigurationList section */
	};
	rootObject = 733540D11BE9ACE100BEDD51 /* Project object */;
}
